// !$*UTF8*$!
{
	archiveVersion = 1;
	classes = {
	};
	objectVersion = 46;
	objects = {

/* Begin PBXBuildFile section */
		F28960721E5BA9610031153E /* AppDelegate.swift in Sources */ = {isa = PBXBuildFile; fileRef = F28960711E5BA9610031153E /* AppDelegate.swift */; };
		F28960741E5BA9610031153E /* ViewController.swift in Sources */ = {isa = PBXBuildFile; fileRef = F28960731E5BA9610031153E /* ViewController.swift */; };
		F28960771E5BA9610031153E /* Main.storyboard in Resources */ = {isa = PBXBuildFile; fileRef = F28960751E5BA9610031153E /* Main.storyboard */; };
		F28960791E5BA9610031153E /* Assets.xcassets in Resources */ = {isa = PBXBuildFile; fileRef = F28960781E5BA9610031153E /* Assets.xcassets */; };
		F289607C1E5BA9610031153E /* LaunchScreen.storyboard in Resources */ = {isa = PBXBuildFile; fileRef = F289607A1E5BA9610031153E /* LaunchScreen.storyboard */; };
/* End PBXBuildFile section */

/* Begin PBXFileReference section */
		F289606E1E5BA9610031153E /* ToDo300907244.app */ = {isa = PBXFileReference; explicitFileType = wrapper.application; includeInIndex = 0; path = ToDo300907244.app; sourceTree = BUILT_PRODUCTS_DIR; };
		F28960711E5BA9610031153E /* AppDelegate.swift */ = {isa = PBXFileReference; lastKnownFileType = sourcecode.swift; path = AppDelegate.swift; sourceTree = "<group>"; };
		F28960731E5BA9610031153E /* ViewController.swift */ = {isa = PBXFileReference; lastKnownFileType = sourcecode.swift; path = ViewController.swift; sourceTree = "<group>"; };
		F28960761E5BA9610031153E /* Base */ = {isa = PBXFileReference; lastKnownFileType = file.storyboard; name = Base; path = Base.lproj/Main.storyboard; sourceTree = "<group>"; };
		F28960781E5BA9610031153E /* Assets.xcassets */ = {isa = PBXFileReference; lastKnownFileType = folder.assetcatalog; path = Assets.xcassets; sourceTree = "<group>"; };
		F289607B1E5BA9610031153E /* Base */ = {isa = PBXFileReference; lastKnownFileType = file.storyboard; name = Base; path = Base.lproj/LaunchScreen.storyboard; sourceTree = "<group>"; };
		F289607D1E5BA9610031153E /* Info.plist */ = {isa = PBXFileReference; lastKnownFileType = text.plist.xml; path = Info.plist; sourceTree = "<group>"; };
/* End PBXFileReference section */

/* Begin PBXFrameworksBuildPhase section */
		F289606B1E5BA9600031153E /* Frameworks */ = {
			isa = PBXFrameworksBuildPhase;
			buildActionMask = 2147483647;
			files = (
			);
			runOnlyForDeploymentPostprocessing = 0;
		};
/* End PBXFrameworksBuildPhase section */

/* Begin PBXGroup section */
		F28960651E5BA9600031153E = {
			isa = PBXGroup;
			children = (
				F28960701E5BA9610031153E /* ToDo300907244 */,
				F289606F1E5BA9610031153E /* Products */,
			);
			sourceTree = "<group>";
		};
		F289606F1E5BA9610031153E /* Products */ = {
			isa = PBXGroup;
			children = (
				F289606E1E5BA9610031153E /* ToDo300907244.app */,
			);
			name = Products;
			sourceTree = "<group>";
		};
		F28960701E5BA9610031153E /* ToDo300907244 */ = {
			isa = PBXGroup;
			children = (
				F28960711E5BA9610031153E /* AppDelegate.swift */,
				F28960731E5BA9610031153E /* ViewController.swift */,
				F28960751E5BA9610031153E /* Main.storyboard */,
				F28960781E5BA9610031153E /* Assets.xcassets */,
				F289607A1E5BA9610031153E /* LaunchScreen.storyboard */,
				F289607D1E5BA9610031153E /* Info.plist */,
			);
			path = ToDo300907244;
			sourceTree = "<group>";
		};
/* End PBXGroup section */

/* Begin PBXNativeTarget section */
		F289606D1E5BA9600031153E /* ToDo300907244 */ = {
			isa = PBXNativeTarget;
			buildConfigurationList = F28960801E5BA9610031153E /* Build configuration list for PBXNativeTarget "ToDo300907244" */;
			buildPhases = (
				F289606A1E5BA9600031153E /* Sources */,
				F289606B1E5BA9600031153E /* Frameworks */,
				F289606C1E5BA9600031153E /* Resources */,
			);
			buildRules = (
			);
			dependencies = (
			);
			name = ToDo300907244;
			productName = ToDo300907244;
			productReference = F289606E1E5BA9610031153E /* ToDo300907244.app */;
			productType = "com.apple.product-type.application";
		};
/* End PBXNativeTarget section */

/* Begin PBXProject section */
		F28960661E5BA9600031153E /* Project object */ = {
			isa = PBXProject;
			attributes = {
				LastSwiftUpdateCheck = 0820;
				LastUpgradeCheck = 0820;
				ORGANIZATIONNAME = "Mykhailo Obelchak";
				TargetAttributes = {
					F289606D1E5BA9600031153E = {
						CreatedOnToolsVersion = 8.2.1;
						ProvisioningStyle = Automatic;
					};
				};
			};
			buildConfigurationList = F28960691E5BA9600031153E /* Build configuration list for PBXProject "ToDo300907244" */;
			compatibilityVersion = "Xcode 3.2";
			developmentRegion = English;
			hasScannedForEncodings = 0;
			knownRegions = (
				en,
				Base,
			);
			mainGroup = F28960651E5BA9600031153E;
			productRefGroup = F289606F1E5BA9610031153E /* Products */;
			projectDirPath = "";
			projectRoot = "";
			targets = (
				F289606D1E5BA9600031153E /* ToDo300907244 */,
			);
		};
/* End PBXProject section */

/* Begin PBXResourcesBuildPhase section */
		F289606C1E5BA9600031153E /* Resources */ = {
			isa = PBXResourcesBuildPhase;
			buildActionMask = 2147483647;
			files = (
				F289607C1E5BA9610031153E /* LaunchScreen.storyboard in Resources */,
				F28960791E5BA9610031153E /* Assets.xcassets in Resources */,
				F28960771E5BA9610031153E /* Main.storyboard in Resources */,
			);
			runOnlyForDeploymentPostprocessing = 0;
		};
/* End PBXResourcesBuildPhase section */

/* Begin PBXSourcesBuildPhase section */
		F289606A1E5BA9600031153E /* Sources */ = {
			isa = PBXSourcesBuildPhase;
			buildActionMask = 2147483647;
			files = (
				F28960741E5BA9610031153E /* ViewController.swift in Sources */,
				F28960721E5BA9610031153E /* AppDelegate.swift in Sources */,
			);
			runOnlyForDeploymentPostprocessing = 0;
		};
/* End PBXSourcesBuildPhase section */

/* Begin PBXVariantGroup section */
		F28960751E5BA9610031153E /* Main.storyboard */ = {
			isa = PBXVariantGroup;
			children = (
				F28960761E5BA9610031153E /* Base */,
			);
			name = Main.storyboard;
			sourceTree = "<group>";
		};
		F289607A1E5BA9610031153E /* LaunchScreen.storyboard */ = {
			isa = PBXVariantGroup;
			children = (
				F289607B1E5BA9610031153E /* Base */,
			);
			name = LaunchScreen.storyboard;
			sourceTree = "<group>";
		};
/* End PBXVariantGroup section */

/* Begin XCBuildConfiguration section */
		F289607E1E5BA9610031153E /* Debug */ = {
			isa = XCBuildConfiguration;
			buildSettings = {
				ALWAYS_SEARCH_USER_PATHS = NO;
				CLANG_ANALYZER_NONNULL = YES;
				CLANG_CXX_LANGUAGE_STANDARD = "gnu++0x";
				CLANG_CXX_LIBRARY = "libc++";
				CLANG_ENABLE_MODULES = YES;
				CLANG_ENABLE_OBJC_ARC = YES;
				CLANG_WARN_BOOL_CONVERSION = YES;
				CLANG_WARN_CONSTANT_CONVERSION = YES;
				CLANG_WARN_DIRECT_OBJC_ISA_USAGE = YES_ERROR;
				CLANG_WARN_DOCUMENTATION_COMMENTS = YES;
				CLANG_WARN_EMPTY_BODY = YES;
				CLANG_WARN_ENUM_CONVERSION = YES;
				CLANG_WARN_INFINITE_RECURSION = YES;
				CLANG_WARN_INT_CONVERSION = YES;
				CLANG_WARN_OBJC_ROOT_CLASS = YES_ERROR;
				CLANG_WARN_SUSPICIOUS_MOVE = YES;
				CLANG_WARN_UNREACHABLE_CODE = YES;
				CLANG_WARN__DUPLICATE_METHOD_MATCH = YES;
				"CODE_SIGN_IDENTITY[sdk=iphoneos*]" = "iPhone Developer";
				COPY_PHASE_STRIP = NO;
				DEBUG_INFORMATION_FORMAT = dwarf;
				ENABLE_STRICT_OBJC_MSGSEND = YES;
				ENABLE_TESTABILITY = YES;
				GCC_C_LANGUAGE_STANDARD = gnu99;
				GCC_DYNAMIC_NO_PIC = NO;
				GCC_NO_COMMON_BLOCKS = YES;
				GCC_OPTIMIZATION_LEVEL = 0;
				GCC_PREPROCESSOR_DEFINITIONS = (
					"DEBUG=1",
					"$(inherited)",
				);
				GCC_WARN_64_TO_32_BIT_CONVERSION = YES;
				GCC_WARN_ABOUT_RETURN_TYPE = YES_ERROR;
				GCC_WARN_UNDECLARED_SELECTOR = YES;
				GCC_WARN_UNINITIALIZED_AUTOS = YES_AGGRESSIVE;
				GCC_WARN_UNUSED_FUNCTION = YES;
				GCC_WARN_UNUSED_VARIABLE = YES;
				IPHONEOS_DEPLOYMENT_TARGET = 10.2;
				MTL_ENABLE_DEBUG_INFO = YES;
				ONLY_ACTIVE_ARCH = YES;
				SDKROOT = iphoneos;
				SWIFT_ACTIVE_COMPILATION_CONDITIONS = DEBUG;
				SWIFT_OPTIMIZATION_LEVEL = "-Onone";
				TARGETED_DEVICE_FAMILY = "1,2";
			};
			name = Debug;
		};
		F289607F1E5BA9610031153E /* Release */ = {
			isa = XCBuildConfiguration;
			buildSettings = {
				ALWAYS_SEARCH_USER_PATHS = NO;
				CLANG_ANALYZER_NONNULL = YES;
				CLANG_CXX_LANGUAGE_STANDARD = "gnu++0x";
				CLANG_CXX_LIBRARY = "libc++";
				CLANG_ENABLE_MODULES = YES;
				CLANG_ENABLE_OBJC_ARC = YES;
				CLANG_WARN_BOOL_CONVERSION = YES;
				CLANG_WARN_CONSTANT_CONVERSION = YES;
				CLANG_WARN_DIRECT_OBJC_ISA_USAGE = YES_ERROR;
				CLANG_WARN_DOCUMENTATION_COMMENTS = YES;
				CLANG_WARN_EMPTY_BODY = YES;
				CLANG_WARN_ENUM_CONVERSION = YES;
				CLANG_WARN_INFINITE_RECURSION = YES;
				CLANG_WARN_INT_CONVERSION = YES;
				CLANG_WARN_OBJC_ROOT_CLASS = YES_ERROR;
				CLANG_WARN_SUSPICIOUS_MOVE = YES;
				CLANG_WARN_UNREACHABLE_CODE = YES;
				CLANG_WARN__DUPLICATE_METHOD_MATCH = YES;
				"CODE_SIGN_IDENTITY[sdk=iphoneos*]" = "iPhone Developer";
				COPY_PHASE_STRIP = NO;
				DEBUG_INFORMATION_FORMAT = "dwarf-with-dsym";
				ENABLE_NS_ASSERTIONS = NO;
				ENABLE_STRICT_OBJC_MSGSEND = YES;
				GCC_C_LANGUAGE_STANDARD = gnu99;
				GCC_NO_COMMON_BLOCKS = YES;
				GCC_WARN_64_TO_32_BIT_CONVERSION = YES;
				GCC_WARN_ABOUT_RETURN_TYPE = YES_ERROR;
				GCC_WARN_UNDECLARED_SELECTOR = YES;
				GCC_WARN_UNINITIALIZED_AUTOS = YES_AGGRESSIVE;
				GCC_WARN_UNUSED_FUNCTION = YES;
				GCC_WARN_UNUSED_VARIABLE = YES;
				IPHONEOS_DEPLOYMENT_TARGET = 10.2;
				MTL_ENABLE_DEBUG_INFO = NO;
				SDKROOT = iphoneos;
				SWIFT_OPTIMIZATION_LEVEL = "-Owholemodule";
				TARGETED_DEVICE_FAMILY = "1,2";
				VALIDATE_PRODUCT = YES;
			};
			name = Release;
		};
		F28960811E5BA9610031153E /* Debug */ = {
			isa = XCBuildConfiguration;
			buildSettings = {
				ASSETCATALOG_COMPILER_APPICON_NAME = AppIcon;
				INFOPLIST_FILE = ToDo300907244/Info.plist;
				LD_RUNPATH_SEARCH_PATHS = "$(inherited) @executable_path/Frameworks";
				PRODUCT_BUNDLE_IDENTIFIER = mykhailo.obelchak.ToDo300907244;
				PRODUCT_NAME = "$(TARGET_NAME)";
				SWIFT_VERSION = 3.0;
			};
			name = Debug;
		};
		F28960821E5BA9610031153E /* Release */ = {
			isa = XCBuildConfiguration;
			buildSettings = {
				ASSETCATALOG_COMPILER_APPICON_NAME = AppIcon;
				INFOPLIST_FILE = ToDo300907244/Info.plist;
				LD_RUNPATH_SEARCH_PATHS = "$(inherited) @executable_path/Frameworks";
				PRODUCT_BUNDLE_IDENTIFIER = mykhailo.obelchak.ToDo300907244;
				PRODUCT_NAME = "$(TARGET_NAME)";
				SWIFT_VERSION = 3.0;
			};
			name = Release;
		};
/* End XCBuildConfiguration section */

/* Begin XCConfigurationList section */
		F28960691E5BA9600031153E /* Build configuration list for PBXProject "ToDo300907244" */ = {
			isa = XCConfigurationList;
			buildConfigurations = (
				F289607E1E5BA9610031153E /* Debug */,
				F289607F1E5BA9610031153E /* Release */,
			);
			defaultConfigurationIsVisible = 0;
			defaultConfigurationName = Release;
		};
		F28960801E5BA9610031153E /* Build configuration list for PBXNativeTarget "ToDo300907244" */ = {
			isa = XCConfigurationList;
			buildConfigurations = (
				F28960811E5BA9610031153E /* Debug */,
				F28960821E5BA9610031153E /* Release */,
			);
			defaultConfigurationIsVisible = 0;
		};
/* End XCConfigurationList section */
	};
	rootObject = F28960661E5BA9600031153E /* Project object */;
}
